
Microsoft Visual Studio Solution File, Format Version 12.00
# Visual Studio Version 16
VisualStudioVersion = 16.0.30804.86
MinimumVisualStudioVersion = 10.0.40219.1
Project("{FAE04EC0-301F-11D3-BF4B-00C04F79EFBC}") = "CaptionModSettings", "CaptionModSettings\CaptionModSettings.csproj", "{09E04C4A-6E02-4527-A75F-9219EC09C702}"
EndProject
Global
	GlobalSection(SolutionConfigurationPlatforms) = preSolution
		Debug|Any CPU = Debug|Any CPU
		Release|Any CPU = Release|Any CPU
	EndGlobalSection
	GlobalSection(ProjectConfigurationPlatforms) = postSolution
		{09E04C4A-6E02-4527-A75F-9219EC09C702}.Debug|Any CPU.ActiveCfg = Debug|Any CPU
		{09E04C4A-6E02-4527-A75F-9219EC09C702}.Debug|Any CPU.Build.0 = Debug|Any CPU
		{09E04C4A-6E02-4527-A75F-9219EC09C702}.Release|Any CPU.ActiveCfg = Release|Any CPU
		{09E04C4A-6E02-4527-A75F-9219EC09C702}.Release|Any CPU.Build.0 = Release|Any CPU
	EndGlobalSection
	GlobalSection(SolutionProperties) = preSolution
		HideSolutionNode = FALSE
	EndGlobalSection
	GlobalSection(ExtensibilityGlobals) = postSolution
		SolutionGuid = {1C6C4D24-7D9B-47A6-9C29-A572EE0BEEE2}
	EndGlobalSection
EndGlobal
